
Microsoft Visual Studio Solution File, Format Version 12.00
# Visual Studio Version 17
VisualStudioVersion = 17.0.31903.59
MinimumVisualStudioVersion = 10.0.40219.1
Project("{2150E333-8FDC-42A3-9474-1A3956D46DE8}") = "src", "src", "{827E0CD3-B72D-47B6-A68D-7590B98EB39B}"
EndProject
Project("{FAE04EC0-301F-11D3-BF4B-00C04F79EFBC}") = "Domain", "src\Domain\Domain.csproj", "{19C4C34C-1660-431C-899C-349D53E69630}"
EndProject
Project("{FAE04EC0-301F-11D3-BF4B-00C04F79EFBC}") = "Application", "src\Application\Application.csproj", "{17370E1C-7293-4A86-B011-86E10E38D0E9}"
EndProject
Project("{FAE04EC0-301F-11D3-BF4B-00C04F79EFBC}") = "Infrastructure", "src\Infrastructure\Infrastructure.csproj", "{7865C00E-819F-442F-82D7-8BE6DB0705AB}"
EndProject
Project("{FAE04EC0-301F-11D3-BF4B-00C04F79EFBC}") = "WebAPI", "src\WebAPI\WebAPI.csproj", "{A83924EC-0888-448F-BA02-F6AB163B8847}"
EndProject
Project("{2150E333-8FDC-42A3-9474-1A3956D46DE8}") = "tests", "tests", "{0AB3BF05-4346-4AA6-1389-037BE0695223}"
EndProject
Project("{FAE04EC0-301F-11D3-BF4B-00C04F79EFBC}") = "UnitTests", "tests\UnitTests\UnitTests.csproj", "{3ED4024E-115A-486A-9199-FA9352A44BBF}"
EndProject
Project("{FAE04EC0-301F-11D3-BF4B-00C04F79EFBC}") = "IntegrationTests", "tests\IntegrationTests\IntegrationTests.csproj", "{B3437A5B-C8A1-4CB5-8FA4-D5715E04B871}"
EndProject
Global
	GlobalSection(SolutionConfigurationPlatforms) = preSolution
		Debug|Any CPU = Debug|Any CPU
		Debug|x64 = Debug|x64
		Debug|x86 = Debug|x86
		Release|Any CPU = Release|Any CPU
		Release|x64 = Release|x64
		Release|x86 = Release|x86
	EndGlobalSection
	GlobalSection(ProjectConfigurationPlatforms) = postSolution
		{19C4C34C-1660-431C-899C-349D53E69630}.Debug|Any CPU.ActiveCfg = Debug|Any CPU
		{19C4C34C-1660-431C-899C-349D53E69630}.Debug|Any CPU.Build.0 = Debug|Any CPU
		{19C4C34C-1660-431C-899C-349D53E69630}.Debug|x64.ActiveCfg = Debug|Any CPU
		{19C4C34C-1660-431C-899C-349D53E69630}.Debug|x64.Build.0 = Debug|Any CPU
		{19C4C34C-1660-431C-899C-349D53E69630}.Debug|x86.ActiveCfg = Debug|Any CPU
		{19C4C34C-1660-431C-899C-349D53E69630}.Debug|x86.Build.0 = Debug|Any CPU
		{19C4C34C-1660-431C-899C-349D53E69630}.Release|Any CPU.ActiveCfg = Release|Any CPU
		{19C4C34C-1660-431C-899C-349D53E69630}.Release|Any CPU.Build.0 = Release|Any CPU
		{19C4C34C-1660-431C-899C-349D53E69630}.Release|x64.ActiveCfg = Release|Any CPU
		{19C4C34C-1660-431C-899C-349D53E69630}.Release|x64.Build.0 = Release|Any CPU
		{19C4C34C-1660-431C-899C-349D53E69630}.Release|x86.ActiveCfg = Release|Any CPU
		{19C4C34C-1660-431C-899C-349D53E69630}.Release|x86.Build.0 = Release|Any CPU
		{17370E1C-7293-4A86-B011-86E10E38D0E9}.Debug|Any CPU.ActiveCfg = Debug|Any CPU
		{17370E1C-7293-4A86-B011-86E10E38D0E9}.Debug|Any CPU.Build.0 = Debug|Any CPU
		{17370E1C-7293-4A86-B011-86E10E38D0E9}.Debug|x64.ActiveCfg = Debug|Any CPU
		{17370E1C-7293-4A86-B011-86E10E38D0E9}.Debug|x64.Build.0 = Debug|Any CPU
		{17370E1C-7293-4A86-B011-86E10E38D0E9}.Debug|x86.ActiveCfg = Debug|Any CPU
		{17370E1C-7293-4A86-B011-86E10E38D0E9}.Debug|x86.Build.0 = Debug|Any CPU
		{17370E1C-7293-4A86-B011-86E10E38D0E9}.Release|Any CPU.ActiveCfg = Release|Any CPU
		{17370E1C-7293-4A86-B011-86E10E38D0E9}.Release|Any CPU.Build.0 = Release|Any CPU
		{17370E1C-7293-4A86-B011-86E10E38D0E9}.Release|x64.ActiveCfg = Release|Any CPU
		{17370E1C-7293-4A86-B011-86E10E38D0E9}.Release|x64.Build.0 = Release|Any CPU
		{17370E1C-7293-4A86-B011-86E10E38D0E9}.Release|x86.ActiveCfg = Release|Any CPU
		{17370E1C-7293-4A86-B011-86E10E38D0E9}.Release|x86.Build.0 = Release|Any CPU
		{7865C00E-819F-442F-82D7-8BE6DB0705AB}.Debug|Any CPU.ActiveCfg = Debug|Any CPU
		{7865C00E-819F-442F-82D7-8BE6DB0705AB}.Debug|Any CPU.Build.0 = Debug|Any CPU
		{7865C00E-819F-442F-82D7-8BE6DB0705AB}.Debug|x64.ActiveCfg = Debug|Any CPU
		{7865C00E-819F-442F-82D7-8BE6DB0705AB}.Debug|x64.Build.0 = Debug|Any CPU
		{7865C00E-819F-442F-82D7-8BE6DB0705AB}.Debug|x86.ActiveCfg = Debug|Any CPU
		{7865C00E-819F-442F-82D7-8BE6DB0705AB}.Debug|x86.Build.0 = Debug|Any CPU
		{7865C00E-819F-442F-82D7-8BE6DB0705AB}.Release|Any CPU.ActiveCfg = Release|Any CPU
		{7865C00E-819F-442F-82D7-8BE6DB0705AB}.Release|Any CPU.Build.0 = Release|Any CPU
		{7865C00E-819F-442F-82D7-8BE6DB0705AB}.Release|x64.ActiveCfg = Release|Any CPU
		{7865C00E-819F-442F-82D7-8BE6DB0705AB}.Release|x64.Build.0 = Release|Any CPU
		{7865C00E-819F-442F-82D7-8BE6DB0705AB}.Release|x86.ActiveCfg = Release|Any CPU
		{7865C00E-819F-442F-82D7-8BE6DB0705AB}.Release|x86.Build.0 = Release|Any CPU
		{A83924EC-0888-448F-BA02-F6AB163B8847}.Debug|Any CPU.ActiveCfg = Debug|Any CPU
		{A83924EC-0888-448F-BA02-F6AB163B8847}.Debug|Any CPU.Build.0 = Debug|Any CPU
		{A83924EC-0888-448F-BA02-F6AB163B8847}.Debug|x64.ActiveCfg = Debug|Any CPU
		{A83924EC-0888-448F-BA02-F6AB163B8847}.Debug|x64.Build.0 = Debug|Any CPU
		{A83924EC-0888-448F-BA02-F6AB163B8847}.Debug|x86.ActiveCfg = Debug|Any CPU
		{A83924EC-0888-448F-BA02-F6AB163B8847}.Debug|x86.Build.0 = Debug|Any CPU
		{A83924EC-0888-448F-BA02-F6AB163B8847}.Release|Any CPU.ActiveCfg = Release|Any CPU
		{A83924EC-0888-448F-BA02-F6AB163B8847}.Release|Any CPU.Build.0 = Release|Any CPU
		{A83924EC-0888-448F-BA02-F6AB163B8847}.Release|x64.ActiveCfg = Release|Any CPU
		{A83924EC-0888-448F-BA02-F6AB163B8847}.Release|x64.Build.0 = Release|Any CPU
		{A83924EC-0888-448F-BA02-F6AB163B8847}.Release|x86.ActiveCfg = Release|Any CPU
		{A83924EC-0888-448F-BA02-F6AB163B8847}.Release|x86.Build.0 = Release|Any CPU
		{3ED4024E-115A-486A-9199-FA9352A44BBF}.Debug|Any CPU.ActiveCfg = Debug|Any CPU
		{3ED4024E-115A-486A-9199-FA9352A44BBF}.Debug|Any CPU.Build.0 = Debug|Any CPU
		{3ED4024E-115A-486A-9199-FA9352A44BBF}.Debug|x64.ActiveCfg = Debug|Any CPU
		{3ED4024E-115A-486A-9199-FA9352A44BBF}.Debug|x64.Build.0 = Debug|Any CPU
		{3ED4024E-115A-486A-9199-FA9352A44BBF}.Debug|x86.ActiveCfg = Debug|Any CPU
		{3ED4024E-115A-486A-9199-FA9352A44BBF}.Debug|x86.Build.0 = Debug|Any CPU
		{3ED4024E-115A-486A-9199-FA9352A44BBF}.Release|Any CPU.ActiveCfg = Release|Any CPU
		{3ED4024E-115A-486A-9199-FA9352A44BBF}.Release|Any CPU.Build.0 = Release|Any CPU
		{3ED4024E-115A-486A-9199-FA9352A44BBF}.Release|x64.ActiveCfg = Release|Any CPU
		{3ED4024E-115A-486A-9199-FA9352A44BBF}.Release|x64.Build.0 = Release|Any CPU
		{3ED4024E-115A-486A-9199-FA9352A44BBF}.Release|x86.ActiveCfg = Release|Any CPU
		{3ED4024E-115A-486A-9199-FA9352A44BBF}.Release|x86.Build.0 = Release|Any CPU
		{B3437A5B-C8A1-4CB5-8FA4-D5715E04B871}.Debug|Any CPU.ActiveCfg = Debug|Any CPU
		{B3437A5B-C8A1-4CB5-8FA4-D5715E04B871}.Debug|Any CPU.Build.0 = Debug|Any CPU
		{B3437A5B-C8A1-4CB5-8FA4-D5715E04B871}.Debug|x64.ActiveCfg = Debug|Any CPU
		{B3437A5B-C8A1-4CB5-8FA4-D5715E04B871}.Debug|x64.Build.0 = Debug|Any CPU
		{B3437A5B-C8A1-4CB5-8FA4-D5715E04B871}.Debug|x86.ActiveCfg = Debug|Any CPU
		{B3437A5B-C8A1-4CB5-8FA4-D5715E04B871}.Debug|x86.Build.0 = Debug|Any CPU
		{B3437A5B-C8A1-4CB5-8FA4-D5715E04B871}.Release|Any CPU.ActiveCfg = Release|Any CPU
		{B3437A5B-C8A1-4CB5-8FA4-D5715E04B871}.Release|Any CPU.Build.0 = Release|Any CPU
		{B3437A5B-C8A1-4CB5-8FA4-D5715E04B871}.Release|x64.ActiveCfg = Release|Any CPU
		{B3437A5B-C8A1-4CB5-8FA4-D5715E04B871}.Release|x64.Build.0 = Release|Any CPU
		{B3437A5B-C8A1-4CB5-8FA4-D5715E04B871}.Release|x86.ActiveCfg = Release|Any CPU
		{B3437A5B-C8A1-4CB5-8FA4-D5715E04B871}.Release|x86.Build.0 = Release|Any CPU
	EndGlobalSection
	GlobalSection(SolutionProperties) = preSolution
		HideSolutionNode = FALSE
	EndGlobalSection
	GlobalSection(NestedProjects) = preSolution
		{19C4C34C-1660-431C-899C-349D53E69630} = {827E0CD3-B72D-47B6-A68D-7590B98EB39B}
		{17370E1C-7293-4A86-B011-86E10E38D0E9} = {827E0CD3-B72D-47B6-A68D-7590B98EB39B}
		{7865C00E-819F-442F-82D7-8BE6DB0705AB} = {827E0CD3-B72D-47B6-A68D-7590B98EB39B}
		{A83924EC-0888-448F-BA02-F6AB163B8847} = {827E0CD3-B72D-47B6-A68D-7590B98EB39B}
		{3ED4024E-115A-486A-9199-FA9352A44BBF} = {0AB3BF05-4346-4AA6-1389-037BE0695223}
		{B3437A5B-C8A1-4CB5-8FA4-D5715E04B871} = {0AB3BF05-4346-4AA6-1389-037BE0695223}
	EndGlobalSection
EndGlobal
